<?xml version="1.0" encoding="utf-8"?>
<Project ToolsVersion="4.0" xmlns="http://schemas.microsoft.com/developer/msbuild/2003">
  <ItemGroup>
    <Filter Include="Source Files">
      <UniqueIdentifier>{4FC737F1-C7A5-4376-A066-2A32D752A2FF}</UniqueIdentifier>
      <Extensions>cpp;c;cc;cxx;c++;cppm;ixx;def;odl;idl;hpj;bat;asm;asmx</Extensions>
    </Filter>
    <Filter Include="Header Files">
      <UniqueIdentifier>{93995380-89BD-4b04-88EB-625FBE52EBFB}</UniqueIdentifier>
      <Extensions>h;hh;hpp;hxx;h++;hm;inl;inc;ipp;xsd</Extensions>
    </Filter>
    <Filter Include="Resource Files">
      <UniqueIdentifier>{67DA6AB6-F800-4c08-8B7A-83BB121AAD01}</UniqueIdentifier>
      <Extensions>rc;ico;cur;bmp;dlg;rc2;rct;bin;rgs;gif;jpg;jpeg;jpe;resx;tiff;tif;png;wav;mfcribbon-ms</Extensions>
    </Filter>
  </ItemGroup>
  <ItemGroup>
    <ClInclude Include="pch.h">
      <Filter>Header Files</Filter>
    </ClInclude>
    <ClInclude Include="Framework\Context.h">
      <Filter>Header Files</Filter>
    </ClInclude>
    <ClInclude Include="Framework\imgui\imconfig.h">
      <Filter>Header Files</Filter>
    </ClInclude>
    <ClInclude Include="Framework\imgui\imgui.h">
      <Filter>Header Files</Filter>
    </ClInclude>
    <ClInclude Include="Framework\imgui\imgui_internal.h">
      <Filter>Header Files</Filter>
    </ClInclude>
    <ClInclude Include="Framework\imgui\implementation\imgui_impl_dx11.h">
      <Filter>Header Files</Filter>
    </ClInclude>
    <ClInclude Include="Framework\imgui\implementation\imgui_impl_dx9.h">
      <Filter>Header Files</Filter>
    </ClInclude>
    <ClInclude Include="Framework\imgui\implementation\imgui_impl_win32.h">
      <Filter>Header Files</Filter>
    </ClInclude>
    <ClInclude Include="Framework\imgui\imstb_rectpack.h">
      <Filter>Header Files</Filter>
    </ClInclude>
    <ClInclude Include="Framework\imgui\imstb_textedit.h">
      <Filter>Header Files</Filter>
    </ClInclude>
    <ClInclude Include="Framework\imgui\imstb_truetype.h">
      <Filter>Header Files</Filter>
    </ClInclude>
    <ClInclude Include="Implementation\Core.h">
      <Filter>Header Files</Filter>
    </ClInclude>
    <ClInclude Include="Implementation\DirectX\DirectXUI.h">
      <Filter>Header Files</Filter>
    </ClInclude>
    <ClInclude Include="Implementation\Hooks\Direct3DDevice\Direct3DDevice.h">
      <Filter>Header Files</Filter>
    </ClInclude>
    <ClInclude Include="Implementation\Hooks\Hooks.h">
      <Filter>Header Files</Filter>
    </ClInclude>
    <ClInclude Include="ValveSDK\Classes\BaseEntity.h">
      <Filter>Header Files</Filter>
    </ClInclude>
    <ClInclude Include="ValveSDK\Classes\BaseHandle.h">
      <Filter>Header Files</Filter>
    </ClInclude>
    <ClInclude Include="ValveSDK\Geometry\Vector\Vec2.h">
      <Filter>Header Files</Filter>
    </ClInclude>
    <ClInclude Include="ValveSDK\Geometry\Vector\Vec3.h">
      <Filter>Header Files</Filter>
    </ClInclude>
    <ClInclude Include="ValveSDK\Geometry\Vector\Vec4.h">
      <Filter>Header Files</Filter>
    </ClInclude>
    <ClInclude Include="ValveSDK\Interfaces\IClientEntity.h">
      <Filter>Header Files</Filter>
    </ClInclude>
    <ClInclude Include="ValveSDK\Interfaces\IClientEntityList.h">
      <Filter>Header Files</Filter>
    </ClInclude>
    <ClInclude Include="ValveSDK\Interfaces\IClientNetworkable.h">
      <Filter>Header Files</Filter>
    </ClInclude>
    <ClInclude Include="ValveSDK\Interfaces\IClientRenderable.h">
      <Filter>Header Files</Filter>
    </ClInclude>
    <ClInclude Include="ValveSDK\Interfaces\IClientThinkable.h">
      <Filter>Header Files</Filter>
    </ClInclude>
    <ClInclude Include="ValveSDK\Interfaces\IClientUnknown.h">
      <Filter>Header Files</Filter>
    </ClInclude>
    <ClInclude Include="ValveSDK\Interfaces\IEngineClient.h">
      <Filter>Header Files</Filter>
    </ClInclude>
    <ClInclude Include="ValveSDK\Interfaces\INetChannelInfo.h">
      <Filter>Header Files</Filter>
    </ClInclude>
    <ClInclude Include="ValveSDK\ValveSDK.h">
      <Filter>Header Files</Filter>
    </ClInclude>
    <ClInclude Include="Features\FeaturesManager.h">
      <Filter>Header Files</Filter>
    </ClInclude>
    <ClInclude Include="Features\Misc\PlayerList.h">
      <Filter>Header Files</Filter>
    </ClInclude>
    <ClInclude Include="Features\Visuals\ESP.h">
      <Filter>Header Files</Filter>
    </ClInclude>
    <ClInclude Include="Framework\Hooks\InlineHook.h">
      <Filter>Header Files</Filter>
    </ClInclude>
    <ClInclude Include="Framework\Hooks\ShadowVMT.h">
      <Filter>Header Files</Filter>
    </ClInclude>
    <ClInclude Include="Framework\Memory\FNV1a.h">
      <Filter>Header Files</Filter>
    </ClInclude>
    <ClInclude Include="Framework\Memory\Memory.h">
      <Filter>Header Files</Filter>
    </ClInclude>
    <ClInclude Include="Framework\Memory\x86RetSpoof.h">
      <Filter>Header Files</Filter>
    </ClInclude>
    <ClInclude Include="Implementation\Bypass\RetAddrCheckBypass.h">
      <Filter>Header Files</Filter>
    </ClInclude>
    <ClInclude Include="Implementation\CallbackManager\CallbackManager.h">
      <Filter>Header Files</Filter>
    </ClInclude>
    <ClInclude Include="Implementation\Hooks\BaseClient\BaseClient.h">
      <Filter>Header Files</Filter>
    </ClInclude>
    <ClInclude Include="Implementation\Hooks\GameEventManager\GameEventManager.h">
      <Filter>Header Files</Filter>
    </ClInclude>
    <ClInclude Include="Implementation\Menu\Menu.h">
      <Filter>Header Files</Filter>
    </ClInclude>
    <ClInclude Include="Implementation\Menu\MenuEntry.h">
      <Filter>Header Files</Filter>
    </ClInclude>
    <ClInclude Include="Implementation\Menu\MenuManager.h">
      <Filter>Header Files</Filter>
    </ClInclude>
    <ClInclude Include="Implementation\Renderer\Renderer.h">
      <Filter>Header Files</Filter>
    </ClInclude>
    <ClInclude Include="ValveSDK\Classes\BasePlayer.h">
      <Filter>Header Files</Filter>
    </ClInclude>
    <ClInclude Include="ValveSDK\Classes\ClientClass.h">
      <Filter>Header Files</Filter>
    </ClInclude>
    <ClInclude Include="ValveSDK\Classes\EHandle.h">
      <Filter>Header Files</Filter>
    </ClInclude>
    <ClInclude Include="ValveSDK\Classes\GlobalVars.h">
      <Filter>Header Files</Filter>
    </ClInclude>
    <ClInclude Include="ValveSDK\Interfaces\IBaseClient.h">
      <Filter>Header Files</Filter>
    </ClInclude>
    <ClInclude Include="ValveSDK\Interfaces\IGameEvent.h">
      <Filter>Header Files</Filter>
    </ClInclude>
    <ClInclude Include="ValveSDK\Interfaces\IGameEventListener.h">
      <Filter>Header Files</Filter>
    </ClInclude>
    <ClInclude Include="ValveSDK\Interfaces\IGameEventManager.h">
      <Filter>Header Files</Filter>
    </ClInclude>
    <ClInclude Include="ValveSDK\Interfaces\IHandleEntity.h">
      <Filter>Header Files</Filter>
    </ClInclude>
    <ClInclude Include="ValveSDK\Interfaces\ISurface.h">
      <Filter>Header Files</Filter>
    </ClInclude>
    <ClInclude Include="ValveSDK\Misc\ISurfaceColor.h">
      <Filter>Header Files</Filter>
    </ClInclude>
    <ClInclude Include="ValveSDK\Misc\Recv.h">
      <Filter>Header Files</Filter>
    </ClInclude>
    <ClInclude Include="ValveSDK\Misc\VFunctionIndexes.h">
      <Filter>Header Files</Filter>
    </ClInclude>
    <ClInclude Include="ValveSDK\NetvarManager.h">
      <Filter>Header Files</Filter>
    </ClInclude>
    <ClInclude Include="ValveSDK\Interfaces\IPanel.h">
      <Filter>Header Files</Filter>
    </ClInclude>
  </ItemGroup>
  <ItemGroup>
    <ClCompile Include="dllmain.cpp">
      <Filter>Source Files</Filter>
    </ClCompile>
    <ClCompile Include="pch.cpp">
      <Filter>Source Files</Filter>
    </ClCompile>
    <ClCompile Include="Framework\Context.cpp">
      <Filter>Source Files</Filter>
    </ClCompile>
    <ClCompile Include="Framework\imgui\imgui.cpp">
      <Filter>Source Files</Filter>
    </ClCompile>
    <ClCompile Include="Framework\imgui\imgui_draw.cpp">
      <Filter>Source Files</Filter>
    </ClCompile>
    <ClCompile Include="Framework\imgui\imgui_tables.cpp">
      <Filter>Source Files</Filter>
    </ClCompile>
    <ClCompile Include="Framework\imgui\imgui_widgets.cpp">
      <Filter>Source Files</Filter>
    </ClCompile>
    <ClCompile Include="Framework\imgui\implementation\imgui_impl_dx11.cpp">
      <Filter>Source Files</Filter>
    </ClCompile>
    <ClCompile Include="Framework\imgui\implementation\imgui_impl_dx9.cpp">
      <Filter>Source Files</Filter>
    </ClCompile>
    <ClCompile Include="Framework\imgui\implementation\imgui_impl_win32.cpp">
      <Filter>Source Files</Filter>
    </ClCompile>
    <ClCompile Include="Implementation\Core.cpp">
      <Filter>Source Files</Filter>
    </ClCompile>
    <ClCompile Include="Implementation\DirectX\DirectXUI.cpp">
      <Filter>Source Files</Filter>
    </ClCompile>
    <ClCompile Include="Implementation\Hooks\Direct3DDevice\Direct3DDevice.cpp">
      <Filter>Source Files</Filter>
    </ClCompile>
    <ClCompile Include="Implementation\Hooks\Hooks.cpp">
      <Filter>Source Files</Filter>
    </ClCompile>
    <ClCompile Include="ValveSDK\Classes\BaseEntity.cpp">
      <Filter>Source Files</Filter>
    </ClCompile>
    <ClCompile Include="ValveSDK\Classes\BaseHandle.cpp">
      <Filter>Source Files</Filter>
    </ClCompile>
    <ClCompile Include="ValveSDK\Geometry\Vector\Vec2.cpp">
      <Filter>Source Files</Filter>
    </ClCompile>
    <ClCompile Include="ValveSDK\Geometry\Vector\Vec3.cpp">
      <Filter>Source Files</Filter>
    </ClCompile>
    <ClCompile Include="ValveSDK\Geometry\Vector\Vec4.cpp">
      <Filter>Source Files</Filter>
    </ClCompile>
    <ClCompile Include="ValveSDK\ValveSDK.cpp">
      <Filter>Source Files</Filter>
    </ClCompile>
    <ClCompile Include="Features\FeaturesManager.cpp">
      <Filter>Source Files</Filter>
    </ClCompile>
    <ClCompile Include="Features\Misc\PlayerList.cpp">
      <Filter>Source Files</Filter>
    </ClCompile>
    <ClCompile Include="Features\Visuals\ESP.cpp">
      <Filter>Source Files</Filter>
    </ClCompile>
    <ClCompile Include="Framework\Hooks\InlineHook.cpp">
      <Filter>Source Files</Filter>
    </ClCompile>
    <ClCompile Include="Framework\Hooks\ShadowVMT.cpp">
      <Filter>Source Files</Filter>
    </ClCompile>
    <ClCompile Include="Framework\Memory\Memory.cpp">
      <Filter>Source Files</Filter>
    </ClCompile>
    <ClCompile Include="Implementation\Bypass\RetAddrCheckBypass.cpp">
      <Filter>Source Files</Filter>
    </ClCompile>
    <ClCompile Include="Implementation\CallbackManager\CallbackManager.cpp">
      <Filter>Source Files</Filter>
    </ClCompile>
    <ClCompile Include="Implementation\Hooks\BaseClient\BaseClient.cpp">
      <Filter>Source Files</Filter>
    </ClCompile>
    <ClCompile Include="Implementation\Hooks\GameEventManager\GameEventManager.cpp">
      <Filter>Source Files</Filter>
    </ClCompile>
    <ClCompile Include="Implementation\Menu\Menu.cpp">
      <Filter>Source Files</Filter>
    </ClCompile>
    <ClCompile Include="Implementation\Menu\MenuEntry.cpp">
      <Filter>Source Files</Filter>
    </ClCompile>
    <ClCompile Include="Implementation\Menu\MenuManager.cpp">
      <Filter>Source Files</Filter>
    </ClCompile>
    <ClCompile Include="Implementation\Renderer\Renderer.cpp">
      <Filter>Source Files</Filter>
    </ClCompile>
    <ClCompile Include="ValveSDK\Classes\BasePlayer.cpp">
      <Filter>Source Files</Filter>
    </ClCompile>
    <ClCompile Include="ValveSDK\Classes\GlobalVars.cpp">
      <Filter>Source Files</Filter>
    </ClCompile>
    <ClCompile Include="ValveSDK\NetvarManager.cpp">
      <Filter>Source Files</Filter>
    </ClCompile>
  </ItemGroup>
</Project>