
Microsoft Visual Studio Solution File, Format Version 12.00
# Visual Studio Version 17
VisualStudioVersion = 17.4.33205.214
MinimumVisualStudioVersion = 10.0.40219.1
Project("{8BC9CEB8-8B4A-11D0-8D11-00A0C91BC942}") = "LHCSGO", "LHCSGO\LHCSGO.vcxproj", "{C51BF20A-BBB2-4A05-A2BA-DC1A3575CC14}"
EndProject
Project("{8BC9CEB8-8B4A-11D0-8D11-00A0C91BC942}") = "Injector", "Injector\Injector.vcxproj", "{B7980C30-E8A0-4994-B23D-36CDDB7A3AE5}"
EndProject
Project("{8BC9CEB8-8B4A-11D0-8D11-00A0C91BC942}") = "LHCSGO2", "LHCSGO2\LHCSGO2.vcxproj", "{1E600F98-561D-4FDA-B87F-1A605A363E11}"
EndProject
Global
	GlobalSection(SolutionConfigurationPlatforms) = preSolution
		Debug|x64 = Debug|x64
		Debug|x86 = Debug|x86
		Release|x64 = Release|x64
		Release|x86 = Release|x86
	EndGlobalSection
	GlobalSection(ProjectConfigurationPlatforms) = postSolution
		{C51BF20A-BBB2-4A05-A2BA-DC1A3575CC14}.Debug|x86.ActiveCfg = Debug|Win32
		{C51BF20A-BBB2-4A05-A2BA-DC1A3575CC14}.Debug|x86.Build.0 = Debug|Win32
		{C51BF20A-BBB2-4A05-A2BA-DC1A3575CC14}.Release|x64.ActiveCfg = Release|x64
		{C51BF20A-BBB2-4A05-A2BA-DC1A3575CC14}.Release|x64.Build.0 = Release|x64
		{C51BF20A-BBB2-4A05-A2BA-DC1A3575CC14}.Release|x86.ActiveCfg = Release|Win32
		{C51BF20A-BBB2-4A05-A2BA-DC1A3575CC14}.Release|x86.Build.0 = Release|Win32
		{C51BF20A-BBB2-4A05-A2BA-DC1A3575CC14}.Debug|x64.ActiveCfg = Release|Win32
		{C51BF20A-BBB2-4A05-A2BA-DC1A3575CC14}.Debug|x64.Build.0 = Release|Win32
		{B7980C30-E8A0-4994-B23D-36CDDB7A3AE5}.Debug|x86.ActiveCfg = Debug|Win32
		{B7980C30-E8A0-4994-B23D-36CDDB7A3AE5}.Debug|x86.Build.0 = Debug|Win32
		{B7980C30-E8A0-4994-B23D-36CDDB7A3AE5}.Release|x64.ActiveCfg = Release|x64
		{B7980C30-E8A0-4994-B23D-36CDDB7A3AE5}.Release|x64.Build.0 = Release|x64
		{B7980C30-E8A0-4994-B23D-36CDDB7A3AE5}.Release|x86.ActiveCfg = Release|Win32
		{B7980C30-E8A0-4994-B23D-36CDDB7A3AE5}.Release|x86.Build.0 = Release|Win32
		{B7980C30-E8A0-4994-B23D-36CDDB7A3AE5}.Debug|x64.ActiveCfg = Release|Win32
		{B7980C30-E8A0-4994-B23D-36CDDB7A3AE5}.Debug|x64.Build.0 = Release|Win32
		{1E600F98-561D-4FDA-B87F-1A605A363E11}.Debug|x64.ActiveCfg = Debug|x64
		{1E600F98-561D-4FDA-B87F-1A605A363E11}.Debug|x64.Build.0 = Debug|x64
		{1E600F98-561D-4FDA-B87F-1A605A363E11}.Debug|x86.ActiveCfg = Debug|Win32
		{1E600F98-561D-4FDA-B87F-1A605A363E11}.Debug|x86.Build.0 = Debug|Win32
		{1E600F98-561D-4FDA-B87F-1A605A363E11}.Release|x64.ActiveCfg = Release|x64
		{1E600F98-561D-4FDA-B87F-1A605A363E11}.Release|x64.Build.0 = Release|x64
		{1E600F98-561D-4FDA-B87F-1A605A363E11}.Release|x86.ActiveCfg = Release|x64
		{1E600F98-561D-4FDA-B87F-1A605A363E11}.Release|x86.Build.0 = Release|x64
	EndGlobalSection
	GlobalSection(SolutionProperties) = preSolution
		HideSolutionNode = FALSE
	EndGlobalSection
	GlobalSection(ExtensibilityGlobals) = postSolution
		SolutionGuid = {39C0C9C6-B807-4CFE-95C2-6A5C3C334393}
	EndGlobalSection
EndGlobal
